schema: '2.0'
stages:
  preprocessing_flats:
    cmd: python -m src.data.preprocessing_flats
    deps:
    - path: data/raw/flats.csv
      hash: md5
      md5: 5b4e0ed65c25b51c23850cd035f02ff9
      size: 5724107
    - path: src/data/preprocessing_flats.py
      hash: md5
      md5: 2f0f3864b7f52114769d22bd55cc680e
      size: 7292
    outs:
    - path: data/interim/flats.csv
      hash: md5
      md5: 7fafddf7f160febbc67110cc0e66dd85
      size: 5152858
  preprocessing_houses:
    cmd: python -m src.data.preprocessing_houses
    deps:
    - path: data/raw/houses.csv
      hash: md5
      md5: 4681f7c5c507e4195eeba43676843863
      size: 2000313
    - path: src/data/preprocessing_houses.py
      hash: md5
      md5: 88047572213052b6a2ce3d48e55ad1a0
      size: 7293
    outs:
    - path: data/interim/houses.csv
      hash: md5
      md5: a7092f65c8c6f2aaa0c4ae88189ffc90
      size: 1669348
  merge_flats_and_houses:
    cmd: python -m src.data.merge_flats_and_houses
    deps:
    - path: data/raw/flats.csv
      hash: md5
      md5: 5b4e0ed65c25b51c23850cd035f02ff9
      size: 5724107
    - path: data/raw/houses.csv
      hash: md5
      md5: 4681f7c5c507e4195eeba43676843863
      size: 2000313
    - path: src/data/merge_flats_and_houses.py
      hash: md5
      md5: 4700a994f1da6675d1683b0ff8fe59c9
      size: 1145
    outs:
    - path: data/interim/gurgaon_properties.csv
      hash: md5
      md5: 66401ced64ae50aa52546e589857029e
      size: 6827515
  preprocessing_level_2:
    cmd: python -m src.data.preprocessing_level_2
    deps:
    - path: data/interim/gurgaon_properties.csv
      hash: md5
      md5: 66401ced64ae50aa52546e589857029e
      size: 6827515
    - path: src/data/preprocessing_level_2.py
      hash: md5
      md5: ec89e8f1f6c7924b1bdf0cc385256df0
      size: 7460
    outs:
    - path: data/interim/gurgaon_properties_cleaned_v1.csv
      hash: md5
      md5: 2fc08dba6b677af734d901ddb007d17f
      size: 3847283
  feature_engineering:
    cmd: python -m src.features.feature_engineering
    deps:
    - path: data/interim/gurgaon_properties_cleaned_v1.csv
      hash: md5
      md5: 2fc08dba6b677af734d901ddb007d17f
      size: 3847283
    - path: data/raw/appartments.csv
      hash: md5
      md5: 0973dd4bd85442c26003fb77c63f3544
      size: 272474
    - path: src/features/feature_engineering.py
      hash: md5
      md5: b66d5bd621bf7cea8d34430f5d3bd88b
      size: 11055
    outs:
    - path: data/interim/gurgaon_properties_cleaned_v2.csv
      hash: md5
      md5: 87ad463c63400fb3584b2c166f4bd158
      size: 671329
  outlier_treatment:
    cmd: python -m src.features.outlier_treatment
    deps:
    - path: data/interim/gurgaon_properties_cleaned_v2.csv
      hash: md5
      md5: 87ad463c63400fb3584b2c166f4bd158
      size: 671329
    - path: src/features/outlier_treatment.py
      hash: md5
      md5: 9bfd5af55263fb11f2eee19e4bde1547
      size: 3849
    outs:
    - path: data/interim/gurgaon_properties_outlier_treated.csv
      hash: md5
      md5: 5e85b9fa02db580f4efd6eebd013f3a0
      size: 670255
  missing_value_imputation:
    cmd: python -m src.features.missing_value_imputation
    deps:
    - path: data/interim/gurgaon_properties_outlier_treated.csv
      hash: md5
      md5: 5e85b9fa02db580f4efd6eebd013f3a0
      size: 670255
    - path: src/features/missing_value_imputation.py
      hash: md5
      md5: cf33c9465242dae60780167809a7d051
      size: 5754
    outs:
    - path: data/interim/gurgaon_properties_missing_value_imputation.csv
      hash: md5
      md5: 40706efcf3db8617cb859ad31da196aa
      size: 375617
  feature_selection:
    cmd: python -m src.features.feature_selection
    deps:
    - path: data/interim/gurgaon_properties_missing_value_imputation.csv
      hash: md5
      md5: 40706efcf3db8617cb859ad31da196aa
      size: 375617
    - path: src/features/feature_selection.py
      hash: md5
      md5: 93382ebb60353bab2e7cbfab0f61689d
      size: 2505
    outs:
    - path: data/processed/gurgaon_properties_post_feature_selection.csv
      hash: md5
      md5: da0be8c1ed143a4cc34231a0447ed1d6
      size: 292406
  split_data:
    cmd: python -m src.features.split_data
    deps:
    - path: data/processed/gurgaon_properties_post_feature_selection.csv
      hash: md5
      md5: da0be8c1ed143a4cc34231a0447ed1d6
      size: 292406
    - path: src/features/split_data.py
      hash: md5
      md5: aa21153ff4b8a3e9ca63745838378ff0
      size: 1207
    params:
      params.yaml:
        split_data.random_state: 123
        split_data.test_size: 0.2
    outs:
    - path: data/processed/test.csv
      hash: md5
      md5: fc75d64da7da749403012803e22a4b8f
      size: 58658
    - path: data/processed/train.csv
      hash: md5
      md5: 829a56389aba4d9fa72d9c19012ae5f5
      size: 233900
  model_building:
    cmd: python -m src.models.model_building
    deps:
    - path: data/processed/train.csv
      hash: md5
      md5: 829a56389aba4d9fa72d9c19012ae5f5
      size: 233900
    - path: src/models/model_building.py
      hash: md5
      md5: 78a7ccf3701d77057262de6bff369692
      size: 3093
    params:
      params.yaml:
        model_building.max_depth: 20
        model_building.max_features: sqrt
        model_building.max_samples: 1.0
        model_building.n_estimators: 300
    outs:
    - path: models/real_estate_predictor.pkl
      hash: md5
      md5: 7b9af65eefc48b041e1985ec75bb9a99
      size: 73065079
  model_evaluation:
    cmd: python -m src.models.model_evaluation
    deps:
    - path: data/processed/test.csv
      hash: md5
      md5: fc75d64da7da749403012803e22a4b8f
      size: 58658
    - path: models/real_estate_predictor.pkl
      hash: md5
      md5: 7b9af65eefc48b041e1985ec75bb9a99
      size: 73065079
    - path: src/models/model_evaluation.py
      hash: md5
      md5: 5c7e829c9d7cf04a3ed58e143ab7a5b6
      size: 1719
  data_visualization:
    cmd: python -m src.visualization.data_viz
    deps:
    - path: data/interim/gurgaon_properties.csv
      hash: md5
      md5: 66401ced64ae50aa52546e589857029e
      size: 6827515
    - path: data/interim/gurgaon_properties_missing_value_imputation.csv
      hash: md5
      md5: 40706efcf3db8617cb859ad31da196aa
      size: 375617
    - path: data/raw/latlong.csv
      hash: md5
      md5: a61f87c5b2212a9edd4d7fc608cd8864
      size: 4939
    - path: src/visualization/data_viz.py
      hash: md5
      md5: 55022a963e54bc9da3fde5b25e83f8f8
      size: 2512
    outs:
    - path: models/data_viz1.csv
      hash: md5
      md5: d58b20e9bbf5359b053899f2dc6ad64e
      size: 487920
    - path: models/wordcloud_df.pkl
      hash: md5
      md5: aed753a013dae2d029f9e321a9b7f42b
      size: 638066
  recommender:
    cmd: python -m src.models.recommend
    deps:
    - path: data/raw/appartments.csv
      hash: md5
      md5: 0973dd4bd85442c26003fb77c63f3544
      size: 272474
    - path: src/models/recommend.py
      hash: md5
      md5: 60bb70c83c3523b949ed6c62bd47be6c
      size: 1212
    - path: src/models/recommender/cosine_sim1.py
      hash: md5
      md5: 5966d2e8007f1077fbb95447db808887
      size: 905
    - path: src/models/recommender/cosine_sim2.py
      hash: md5
      md5: ac5402cae55133657d7dbab78df50684
      size: 4352
    - path: src/models/recommender/cosine_sim3.py
      hash: md5
      md5: 35879005cd2eaafad6b1b9e5cc8922be
      size: 3180
    outs:
    - path: models/recommend/cosine_sim1.pkl
      hash: md5
      md5: 827434d386cb68262c874c66708c714e
      size: 484290
    - path: models/recommend/cosine_sim2.pkl
      hash: md5
      md5: 6c91c5e0fb5c3f1830086d96bdcc9cb1
      size: 484290
    - path: models/recommend/cosine_sim3.pkl
      hash: md5
      md5: dc6f183b621121d016a8f51d13ec5300
      size: 484290
